
Microsoft Visual Studio Solution File, Format Version 12.00
# Visual Studio 15
VisualStudioVersion = 15.0.26430.14
MinimumVisualStudioVersion = 10.0.40219.1
Project("{FAE04EC0-301F-11D3-BF4B-00C04F79EFBC}") = "BackToBg.Core", "BackToBg.Business\BackToBg.Core.csproj", "{E5CEA5C4-4480-44F5-878F-3D1841DAAEFB}"
EndProject
Project("{FAE04EC0-301F-11D3-BF4B-00C04F79EFBC}") = "BackToBg.Test", "BackToBg.Test\BackToBg.Test.csproj", "{53B1B53C-F358-4FB3-8D0D-98700AD54569}"
EndProject
Global
	GlobalSection(SolutionConfigurationPlatforms) = preSolution
		Debug|Any CPU = Debug|Any CPU
		Release|Any CPU = Release|Any CPU
	EndGlobalSection
	GlobalSection(ProjectConfigurationPlatforms) = postSolution
		{E5CEA5C4-4480-44F5-878F-3D1841DAAEFB}.Debug|Any CPU.ActiveCfg = Debug|Any CPU
		{E5CEA5C4-4480-44F5-878F-3D1841DAAEFB}.Debug|Any CPU.Build.0 = Debug|Any CPU
		{E5CEA5C4-4480-44F5-878F-3D1841DAAEFB}.Release|Any CPU.ActiveCfg = Release|Any CPU
		{E5CEA5C4-4480-44F5-878F-3D1841DAAEFB}.Release|Any CPU.Build.0 = Release|Any CPU
		{53B1B53C-F358-4FB3-8D0D-98700AD54569}.Debug|Any CPU.ActiveCfg = Debug|Any CPU
		{53B1B53C-F358-4FB3-8D0D-98700AD54569}.Debug|Any CPU.Build.0 = Debug|Any CPU
		{53B1B53C-F358-4FB3-8D0D-98700AD54569}.Release|Any CPU.ActiveCfg = Release|Any CPU
		{53B1B53C-F358-4FB3-8D0D-98700AD54569}.Release|Any CPU.Build.0 = Release|Any CPU
	EndGlobalSection
	GlobalSection(SolutionProperties) = preSolution
		HideSolutionNode = FALSE
	EndGlobalSection
EndGlobal
